
Microsoft Visual Studio Solution File, Format Version 12.00
# Visual Studio Version 16
VisualStudioVersion = 16.0.31515.178
MinimumVisualStudioVersion = 10.0.40219.1
Project("{888888A0-9F3D-457C-B088-3A5042F75D52}") = "DR-gitee", "DR-gitee.pyproj", "{A4FBD85D-1166-459F-8AFE-D0EC3713EB07}"
EndProject
Global
	GlobalSection(SolutionConfigurationPlatforms) = preSolution
		Debug|Any CPU = Debug|Any CPU
		Release|Any CPU = Release|Any CPU
		开发.ing|Any CPU = 开发.ing|Any CPU
	EndGlobalSection
	GlobalSection(ProjectConfigurationPlatforms) = postSolution
		{A4FBD85D-1166-459F-8AFE-D0EC3713EB07}.Debug|Any CPU.ActiveCfg = Debug|Any CPU
		{A4FBD85D-1166-459F-8AFE-D0EC3713EB07}.Release|Any CPU.ActiveCfg = Release|Any CPU
		{A4FBD85D-1166-459F-8AFE-D0EC3713EB07}.开发.ing|Any CPU.ActiveCfg = 开发.ing|Any CPU
	EndGlobalSection
	GlobalSection(SolutionProperties) = preSolution
		HideSolutionNode = FALSE
	EndGlobalSection
	GlobalSection(ExtensibilityGlobals) = postSolution
		SolutionGuid = {1AE0E317-A001-44DA-AB06-32EE2CC4E304}
	EndGlobalSection
EndGlobal
